# THIS IS AN AUTOGENERATED FILE. DO NOT EDIT THIS FILE DIRECTLY.
# yarn lockfile v1


"@newrelic/native-metrics@^6.0.0":
  version "6.0.0"
  resolved "https://registry.yarnpkg.com/@newrelic/native-metrics/-/native-metrics-6.0.0.tgz#8c3b24070f2aebcbfa8329d80d24177f67581467"
  integrity sha512-EUdlsv25dEMT+8SOV02Xfk2E3UTo2fH33lVmnv/CSllH6+ljJDAfG0Ib5zY92Qmaj+oiThbfRpSYOlUfH+Uuiw==
  dependencies:
    nan "^2.14.1"
    semver "^5.5.1"

event-loop-delay@^1.0.0:
  version "1.0.1"
  resolved "https://registry.yarnpkg.com/event-loop-delay/-/event-loop-delay-1.0.1.tgz#c0e7e30a37e3ce77b1a179a23bee72cf34bcec9f"
  integrity sha512-O7nq//Wqk2gY8IWqrQHJtlzT/Hbsn0alxX09J0RZ5Bljsfvd+xRtGGnurh+BFatzkNkGi5Ddd/vsA0v2K79g0A==
  dependencies:
    napi-macros "^2.0.0"
    node-gyp-build "^4.2.0"

nan@^2.14.1:
  version "2.14.2"
  resolved "https://registry.yarnpkg.com/nan/-/nan-2.14.2.tgz#f5376400695168f4cc694ac9393d0c9585eeea19"
  integrity sha512-M2ufzIiINKCuDfBSAUr1vWQ+vuVcA9kqx8JJUsbQi6yf1uGRyb7HfpdfUr5qLXf3B/t8dPvcjhKMmlfnP47EzQ==

napi-macros@^2.0.0:
  version "2.0.0"
  resolved "https://registry.yarnpkg.com/napi-macros/-/napi-macros-2.0.0.tgz#2b6bae421e7b96eb687aa6c77a7858640670001b"
  integrity sha512-A0xLykHtARfueITVDernsAWdtIMbOJgKgcluwENp3AlsKN/PloyO10HtmoqnFAQAcxPkgZN7wdfPfEd0zNGxbg==

node-gyp-build@^4.2.0:
  version "4.2.3"
  resolved "https://registry.yarnpkg.com/node-gyp-build/-/node-gyp-build-4.2.3.tgz#ce6277f853835f718829efb47db20f3e4d9c4739"
  integrity sha512-MN6ZpzmfNCRM+3t57PTJHgHyw/h4OWnZ6mR8P5j/uZtqQr46RRuDE/P+g3n0YR/AiYXeWixZZzaip77gdICfRg==

prettier-bytes@^1.0.4:
  version "1.0.4"
  resolved "https://registry.yarnpkg.com/prettier-bytes/-/prettier-bytes-1.0.4.tgz#994b02aa46f699c50b6257b5faaa7fe2557e62d6"
  integrity sha1-mUsCqkb2mcULYle1+qp/4lV+YtY=

prettier@^2.2.0:
  version "2.2.0"
  resolved "https://registry.yarnpkg.com/prettier/-/prettier-2.2.0.tgz#8a03c7777883b29b37fb2c4348c66a78e980418b"
  integrity sha512-yYerpkvseM4iKD/BXLYUkQV5aKt4tQPqaGW6EsZjzyu0r7sVZZNPJW4Y8MyKmicp6t42XUPcBVA+H6sB3gqndw==

process-top@^1.2.0:
  version "1.2.0"
  resolved "https://registry.yarnpkg.com/process-top/-/process-top-1.2.0.tgz#0443a7b2c61b0aae1207fa5562cb23252df986b6"
  integrity sha512-R0WlpJe+os9deHxqua2S62gp7/IuWNG4T7buG0/VKwFg9/Zk5eicaI1IlwkBL3s+NXHBqdaKw/HgeG+kGL4bLw==
  dependencies:
    event-loop-delay "^1.0.0"
    prettier-bytes "^1.0.4"

semver@^5.5.1:
  version "5.7.1"
  resolved "https://registry.yarnpkg.com/semver/-/semver-5.7.1.tgz#a954f931aeba508d307bbf069eff0c01c96116f7"
  integrity sha512-sauaDf/PZdVgrLTNYHRtpXa1iRiKcaebiKQ1BJdpQlWH2lCvexQdX55snPFyK7QzpudqbCI0qXFfOasHdyNDGQ==
